
Microsoft Visual Studio Solution File, Format Version 12.00
# Visual Studio Version 17
VisualStudioVersion = 17.2.32630.192
MinimumVisualStudioVersion = 10.0.40219.1
Project("{9A19103F-16F7-4668-BE54-9A1E7A4F7556}") = "IFSconnectChallange", "IFSconnectChallange.csproj", "{291187A0-A5E5-40F7-B037-18D34C89EE2F}"
EndProject
Project("{2150E333-8FDC-42A3-9474-1A3956D46DE8}") = "Solution Items", "Solution Items", "{994D85F6-EE68-4C0E-A026-F2DE7951EB20}"
	ProjectSection(SolutionItems) = preProject
		.editorconfig = .editorconfig
	EndProjectSection
EndProject
Global
	GlobalSection(SolutionConfigurationPlatforms) = preSolution
		Debug|Any CPU = Debug|Any CPU
		Release|Any CPU = Release|Any CPU
	EndGlobalSection
	GlobalSection(ProjectConfigurationPlatforms) = postSolution
		{291187A0-A5E5-40F7-B037-18D34C89EE2F}.Debug|Any CPU.ActiveCfg = Debug|Any CPU
		{291187A0-A5E5-40F7-B037-18D34C89EE2F}.Debug|Any CPU.Build.0 = Debug|Any CPU
		{291187A0-A5E5-40F7-B037-18D34C89EE2F}.Release|Any CPU.ActiveCfg = Release|Any CPU
		{291187A0-A5E5-40F7-B037-18D34C89EE2F}.Release|Any CPU.Build.0 = Release|Any CPU
	EndGlobalSection
	GlobalSection(SolutionProperties) = preSolution
		HideSolutionNode = FALSE
	EndGlobalSection
	GlobalSection(ExtensibilityGlobals) = postSolution
		SolutionGuid = {E5083B78-2F49-4C50-B643-78F80F1A36AC}
	EndGlobalSection
EndGlobal
